
Microsoft Visual Studio Solution File, Format Version 12.00
# Visual Studio Version 16
VisualStudioVersion = 16.0.30621.155
MinimumVisualStudioVersion = 10.0.40219.1
Project("{9A19103F-16F7-4668-BE54-9A1E7A4F7556}") = "SpecFlowCalculator", "SpecFlowCalculator\SpecFlowCalculator.csproj", "{C99EF213-CEE7-470D-A703-23AA47AD2850}"
EndProject
Project("{9A19103F-16F7-4668-BE54-9A1E7A4F7556}") = "SpecFlowCalculator.specs", "SpecFlowCalculator.specs\SpecFlowCalculator.specs.csproj", "{A281490F-D244-4D07-8C32-83CD7FA1A787}"
EndProject
Project("{2150E333-8FDC-42A3-9474-1A3956D46DE8}") = "Solution Items", "Solution Items", "{017E862F-F8C6-4088-A70F-17456D3500E3}"
	ProjectSection(SolutionItems) = preProject
		.gitignore = .gitignore
	EndProjectSection
EndProject
Global
	GlobalSection(SolutionConfigurationPlatforms) = preSolution
		Debug|Any CPU = Debug|Any CPU
		Release|Any CPU = Release|Any CPU
	EndGlobalSection
	GlobalSection(ProjectConfigurationPlatforms) = postSolution
		{C99EF213-CEE7-470D-A703-23AA47AD2850}.Debug|Any CPU.ActiveCfg = Debug|Any CPU
		{C99EF213-CEE7-470D-A703-23AA47AD2850}.Debug|Any CPU.Build.0 = Debug|Any CPU
		{C99EF213-CEE7-470D-A703-23AA47AD2850}.Release|Any CPU.ActiveCfg = Release|Any CPU
		{C99EF213-CEE7-470D-A703-23AA47AD2850}.Release|Any CPU.Build.0 = Release|Any CPU
		{A281490F-D244-4D07-8C32-83CD7FA1A787}.Debug|Any CPU.ActiveCfg = Debug|Any CPU
		{A281490F-D244-4D07-8C32-83CD7FA1A787}.Debug|Any CPU.Build.0 = Debug|Any CPU
		{A281490F-D244-4D07-8C32-83CD7FA1A787}.Release|Any CPU.ActiveCfg = Release|Any CPU
		{A281490F-D244-4D07-8C32-83CD7FA1A787}.Release|Any CPU.Build.0 = Release|Any CPU
	EndGlobalSection
	GlobalSection(SolutionProperties) = preSolution
		HideSolutionNode = FALSE
	EndGlobalSection
	GlobalSection(ExtensibilityGlobals) = postSolution
		SolutionGuid = {2BE6E28D-CF9F-408B-A0FF-9DA7464B0447}
	EndGlobalSection
EndGlobal
